
Microsoft Visual Studio Solution File, Format Version 12.00
# Visual Studio Version 16
VisualStudioVersion = 16.0.31702.278
MinimumVisualStudioVersion = 10.0.40219.1
Project("{FAE04EC0-301F-11D3-BF4B-00C04F79EFBC}") = "WinFormsApp", "WinFormsApp\WinFormsApp.csproj", "{D6FC0553-2FD5-4434-9986-D66EE1217DC0}"
EndProject
Project("{FAE04EC0-301F-11D3-BF4B-00C04F79EFBC}") = "QuizLibrary", "QuizLibrary\QuizLibrary.csproj", "{186D7478-AE41-4A3B-8BE1-C65197577E2D}"
EndProject
Global
	GlobalSection(SolutionConfigurationPlatforms) = preSolution
		Debug|Any CPU = Debug|Any CPU
		Release|Any CPU = Release|Any CPU
	EndGlobalSection
	GlobalSection(ProjectConfigurationPlatforms) = postSolution
		{D6FC0553-2FD5-4434-9986-D66EE1217DC0}.Debug|Any CPU.ActiveCfg = Debug|Any CPU
		{D6FC0553-2FD5-4434-9986-D66EE1217DC0}.Debug|Any CPU.Build.0 = Debug|Any CPU
		{D6FC0553-2FD5-4434-9986-D66EE1217DC0}.Release|Any CPU.ActiveCfg = Release|Any CPU
		{D6FC0553-2FD5-4434-9986-D66EE1217DC0}.Release|Any CPU.Build.0 = Release|Any CPU
		{186D7478-AE41-4A3B-8BE1-C65197577E2D}.Debug|Any CPU.ActiveCfg = Debug|Any CPU
		{186D7478-AE41-4A3B-8BE1-C65197577E2D}.Debug|Any CPU.Build.0 = Debug|Any CPU
		{186D7478-AE41-4A3B-8BE1-C65197577E2D}.Release|Any CPU.ActiveCfg = Release|Any CPU
		{186D7478-AE41-4A3B-8BE1-C65197577E2D}.Release|Any CPU.Build.0 = Release|Any CPU
	EndGlobalSection
	GlobalSection(SolutionProperties) = preSolution
		HideSolutionNode = FALSE
	EndGlobalSection
	GlobalSection(ExtensibilityGlobals) = postSolution
		SolutionGuid = {A0B40678-6CE3-4BF8-8FED-DE3FA370336D}
	EndGlobalSection
EndGlobal
